
Microsoft Visual Studio Solution File, Format Version 12.00
# Visual Studio Version 17
VisualStudioVersion = 17.7.34202.233
MinimumVisualStudioVersion = 10.0.40219.1
Project("{8BC9CEB8-8B4A-11D0-8D11-00A0C91BC942}") = "Shell", "Shell\Shell.vcxproj", "{007CBC9E-6A82-4DC7-97C0-07100C705D27}"
EndProject
Global
	GlobalSection(SolutionConfigurationPlatforms) = preSolution
		Debug|x64 = Debug|x64
		Debug|x86 = Debug|x86
		Release|x64 = Release|x64
		Release|x86 = Release|x86
	EndGlobalSection
	GlobalSection(ProjectConfigurationPlatforms) = postSolution
		{007CBC9E-6A82-4DC7-97C0-07100C705D27}.Debug|x64.ActiveCfg = Debug|x64
		{007CBC9E-6A82-4DC7-97C0-07100C705D27}.Debug|x64.Build.0 = Debug|x64
		{007CBC9E-6A82-4DC7-97C0-07100C705D27}.Debug|x86.ActiveCfg = Debug|Win32
		{007CBC9E-6A82-4DC7-97C0-07100C705D27}.Debug|x86.Build.0 = Debug|Win32
		{007CBC9E-6A82-4DC7-97C0-07100C705D27}.Release|x64.ActiveCfg = Release|x64
		{007CBC9E-6A82-4DC7-97C0-07100C705D27}.Release|x64.Build.0 = Release|x64
		{007CBC9E-6A82-4DC7-97C0-07100C705D27}.Release|x86.ActiveCfg = Release|Win32
		{007CBC9E-6A82-4DC7-97C0-07100C705D27}.Release|x86.Build.0 = Release|Win32
	EndGlobalSection
	GlobalSection(SolutionProperties) = preSolution
		HideSolutionNode = FALSE
	EndGlobalSection
	GlobalSection(ExtensibilityGlobals) = postSolution
		SolutionGuid = {520A1E4E-3732-4B02-9249-F9C2D67DDCED}
	EndGlobalSection
EndGlobal
